# THIS IS AN AUTOGENERATED FILE. DO NOT EDIT THIS FILE DIRECTLY.
# yarn lockfile v1


basilcss@^1.1.15:
  version "1.1.15"
  resolved "https://registry.yarnpkg.com/basilcss/-/basilcss-1.1.15.tgz#aab216e6b693082d5bf0e22750260e9b01522197"
  integrity sha512-wBhVyw1SXiAcUopPK0iCQhYBEIosTDJHPzn5iD6WCW/uPbu3PnVkgaJd/bjN+egj6PHRT2EfEnhED9aQsHWNdQ==
